// !$*UTF8*$!
{
	archiveVersion = 1;
	classes = {
	};
	objectVersion = 77;
	objects = {

/* Begin PBXBuildFile section */
		3AB5B34C2F04CA0500CFF6B8 /* TDD_zh.md in Resources */ = {isa = PBXBuildFile; fileRef = 3AB5B34B2F04C9FB00CFF6B8 /* TDD_zh.md */; };
/* End PBXBuildFile section */

/* Begin PBXContainerItemProxy section */
		3AB5B2422EFD179C00CFF6B8 /* PBXContainerItemProxy */ = {
			isa = PBXContainerItemProxy;
			containerPortal = 3AB5B2232EFD179900CFF6B8 /* Project object */;
			proxyType = 1;
			remoteGlobalIDString = 3AB5B22A2EFD179900CFF6B8;
			remoteInfo = FriendsListInterview;
		};
		3AB5B24C2EFD179C00CFF6B8 /* PBXContainerItemProxy */ = {
			isa = PBXContainerItemProxy;
			containerPortal = 3AB5B2232EFD179900CFF6B8 /* Project object */;
			proxyType = 1;
			remoteGlobalIDString = 3AB5B22A2EFD179900CFF6B8;
			remoteInfo = FriendsListInterview;
		};
/* End PBXContainerItemProxy section */

/* Begin PBXFileReference section */
		3AB5B22B2EFD179900CFF6B8 /* FriendsListInterview.app */ = {isa = PBXFileReference; explicitFileType = wrapper.application; includeInIndex = 0; path = FriendsListInterview.app; sourceTree = BUILT_PRODUCTS_DIR; };
		3AB5B2412EFD179C00CFF6B8 /* FriendsListInterviewTests.xctest */ = {isa = PBXFileReference; explicitFileType = wrapper.cfbundle; includeInIndex = 0; path = FriendsListInterviewTests.xctest; sourceTree = BUILT_PRODUCTS_DIR; };
		3AB5B24B2EFD179C00CFF6B8 /* FriendsListInterviewUITests.xctest */ = {isa = PBXFileReference; explicitFileType = wrapper.cfbundle; includeInIndex = 0; path = FriendsListInterviewUITests.xctest; sourceTree = BUILT_PRODUCTS_DIR; };
		3AB5B34B2F04C9FB00CFF6B8 /* TDD_zh.md */ = {isa = PBXFileReference; lastKnownFileType = net.daringfireball.markdown; path = TDD_zh.md; sourceTree = "<group>"; };
/* End PBXFileReference section */

/* Begin PBXFileSystemSynchronizedBuildFileExceptionSet section */
		3AB5B2532EFD179C00CFF6B8 /* Exceptions for "FriendsListInterview" folder in "FriendsListInterview" target */ = {
			isa = PBXFileSystemSynchronizedBuildFileExceptionSet;
			membershipExceptions = (
				Info.plist,
			);
			target = 3AB5B22A2EFD179900CFF6B8 /* FriendsListInterview */;
		};
/* End PBXFileSystemSynchronizedBuildFileExceptionSet section */

/* Begin PBXFileSystemSynchronizedRootGroup section */
		3AB5B22D2EFD179900CFF6B8 /* FriendsListInterview */ = {
			isa = PBXFileSystemSynchronizedRootGroup;
			exceptions = (
				3AB5B2532EFD179C00CFF6B8 /* Exceptions for "FriendsListInterview" folder in "FriendsListInterview" target */,
			);
			path = FriendsListInterview;
			sourceTree = "<group>";
		};
		3AB5B2442EFD179C00CFF6B8 /* FriendsListInterviewTests */ = {
			isa = PBXFileSystemSynchronizedRootGroup;
			path = FriendsListInterviewTests;
			sourceTree = "<group>";
		};
		3AB5B24E2EFD179C00CFF6B8 /* FriendsListInterviewUITests */ = {
			isa = PBXFileSystemSynchronizedRootGroup;
			path = FriendsListInterviewUITests;
			sourceTree = "<group>";
		};
/* End PBXFileSystemSynchronizedRootGroup section */

/* Begin PBXFrameworksBuildPhase section */
		3AB5B2282EFD179900CFF6B8 /* Frameworks */ = {
			isa = PBXFrameworksBuildPhase;
			buildActionMask = 2147483647;
			files = (
			);
			runOnlyForDeploymentPostprocessing = 0;
		};
		3AB5B23E2EFD179C00CFF6B8 /* Frameworks */ = {
			isa = PBXFrameworksBuildPhase;
			buildActionMask = 2147483647;
			files = (
			);
			runOnlyForDeploymentPostprocessing = 0;
		};
		3AB5B2482EFD179C00CFF6B8 /* Frameworks */ = {
			isa = PBXFrameworksBuildPhase;
			buildActionMask = 2147483647;
			files = (
			);
			runOnlyForDeploymentPostprocessing = 0;
		};
/* End PBXFrameworksBuildPhase section */

/* Begin PBXGroup section */
		3AB5B2222EFD179900CFF6B8 = {
			isa = PBXGroup;
			children = (
				3AB5B34B2F04C9FB00CFF6B8 /* TDD_zh.md */,
				3AB5B22D2EFD179900CFF6B8 /* FriendsListInterview */,
				3AB5B2442EFD179C00CFF6B8 /* FriendsListInterviewTests */,
				3AB5B24E2EFD179C00CFF6B8 /* FriendsListInterviewUITests */,
				3AB5B22C2EFD179900CFF6B8 /* Products */,
			);
			sourceTree = "<group>";
		};
		3AB5B22C2EFD179900CFF6B8 /* Products */ = {
			isa = PBXGroup;
			children = (
				3AB5B22B2EFD179900CFF6B8 /* FriendsListInterview.app */,
				3AB5B2412EFD179C00CFF6B8 /* FriendsListInterviewTests.xctest */,
				3AB5B24B2EFD179C00CFF6B8 /* FriendsListInterviewUITests.xctest */,
			);
			name = Products;
			sourceTree = "<group>";
		};
/* End PBXGroup section */

/* Begin PBXNativeTarget section */
		3AB5B22A2EFD179900CFF6B8 /* FriendsListInterview */ = {
			isa = PBXNativeTarget;
			buildConfigurationList = 3AB5B2542EFD179C00CFF6B8 /* Build configuration list for PBXNativeTarget "FriendsListInterview" */;
			buildPhases = (
				3AB5B2272EFD179900CFF6B8 /* Sources */,
				3AB5B2282EFD179900CFF6B8 /* Frameworks */,
				3AB5B2292EFD179900CFF6B8 /* Resources */,
			);
			buildRules = (
			);
			dependencies = (
			);
			fileSystemSynchronizedGroups = (
				3AB5B22D2EFD179900CFF6B8 /* FriendsListInterview */,
			);
			name = FriendsListInterview;
			packageProductDependencies = (
			);
			productName = FriendsListInterview;
			productReference = 3AB5B22B2EFD179900CFF6B8 /* FriendsListInterview.app */;
			productType = "com.apple.product-type.application";
		};
		3AB5B2402EFD179C00CFF6B8 /* FriendsListInterviewTests */ = {
			isa = PBXNativeTarget;
			buildConfigurationList = 3AB5B2592EFD179C00CFF6B8 /* Build configuration list for PBXNativeTarget "FriendsListInterviewTests" */;
			buildPhases = (
				3AB5B23D2EFD179C00CFF6B8 /* Sources */,
				3AB5B23E2EFD179C00CFF6B8 /* Frameworks */,
				3AB5B23F2EFD179C00CFF6B8 /* Resources */,
			);
			buildRules = (
			);
			dependencies = (
				3AB5B2432EFD179C00CFF6B8 /* PBXTargetDependency */,
			);
			fileSystemSynchronizedGroups = (
				3AB5B2442EFD179C00CFF6B8 /* FriendsListInterviewTests */,
			);
			name = FriendsListInterviewTests;
			packageProductDependencies = (
			);
			productName = FriendsListInterviewTests;
			productReference = 3AB5B2412EFD179C00CFF6B8 /* FriendsListInterviewTests.xctest */;
			productType = "com.apple.product-type.bundle.unit-test";
		};
		3AB5B24A2EFD179C00CFF6B8 /* FriendsListInterviewUITests */ = {
			isa = PBXNativeTarget;
			buildConfigurationList = 3AB5B25C2EFD179C00CFF6B8 /* Build configuration list for PBXNativeTarget "FriendsListInterviewUITests" */;
			buildPhases = (
				3AB5B2472EFD179C00CFF6B8 /* Sources */,
				3AB5B2482EFD179C00CFF6B8 /* Frameworks */,
				3AB5B2492EFD179C00CFF6B8 /* Resources */,
			);
			buildRules = (
			);
			dependencies = (
				3AB5B24D2EFD179C00CFF6B8 /* PBXTargetDependency */,
			);
			fileSystemSynchronizedGroups = (
				3AB5B24E2EFD179C00CFF6B8 /* FriendsListInterviewUITests */,
			);
			name = FriendsListInterviewUITests;
			packageProductDependencies = (
			);
			productName = FriendsListInterviewUITests;
			productReference = 3AB5B24B2EFD179C00CFF6B8 /* FriendsListInterviewUITests.xctest */;
			productType = "com.apple.product-type.bundle.ui-testing";
		};
/* End PBXNativeTarget section */

/* Begin PBXProject section */
		3AB5B2232EFD179900CFF6B8 /* Project object */ = {
			isa = PBXProject;
			attributes = {
				BuildIndependentTargetsInParallel = 1;
				LastSwiftUpdateCheck = 2610;
				LastUpgradeCheck = 2610;
				TargetAttributes = {
					3AB5B22A2EFD179900CFF6B8 = {
						CreatedOnToolsVersion = 26.1.1;
					};
					3AB5B2402EFD179C00CFF6B8 = {
						CreatedOnToolsVersion = 26.1.1;
						TestTargetID = 3AB5B22A2EFD179900CFF6B8;
					};
					3AB5B24A2EFD179C00CFF6B8 = {
						CreatedOnToolsVersion = 26.1.1;
						TestTargetID = 3AB5B22A2EFD179900CFF6B8;
					};
				};
			};
			buildConfigurationList = 3AB5B2262EFD179900CFF6B8 /* Build configuration list for PBXProject "FriendsListInterview" */;
			developmentRegion = en;
			hasScannedForEncodings = 0;
			knownRegions = (
				en,
				Base,
			);
			mainGroup = 3AB5B2222EFD179900CFF6B8;
			minimizedProjectReferenceProxies = 1;
			preferredProjectObjectVersion = 77;
			productRefGroup = 3AB5B22C2EFD179900CFF6B8 /* Products */;
			projectDirPath = "";
			projectRoot = "";
			targets = (
				3AB5B22A2EFD179900CFF6B8 /* FriendsListInterview */,
				3AB5B2402EFD179C00CFF6B8 /* FriendsListInterviewTests */,
				3AB5B24A2EFD179C00CFF6B8 /* FriendsListInterviewUITests */,
			);
		};
/* End PBXProject section */

/* Begin PBXResourcesBuildPhase section */
		3AB5B2292EFD179900CFF6B8 /* Resources */ = {
			isa = PBXResourcesBuildPhase;
			buildActionMask = 2147483647;
			files = (
				3AB5B34C2F04CA0500CFF6B8 /* TDD_zh.md in Resources */,
			);
			runOnlyForDeploymentPostprocessing = 0;
		};
		3AB5B23F2EFD179C00CFF6B8 /* Resources */ = {
			isa = PBXResourcesBuildPhase;
			buildActionMask = 2147483647;
			files = (
			);
			runOnlyForDeploymentPostprocessing = 0;
		};
		3AB5B2492EFD179C00CFF6B8 /* Resources */ = {
			isa = PBXResourcesBuildPhase;
			buildActionMask = 2147483647;
			files = (
			);
			runOnlyForDeploymentPostprocessing = 0;
		};
/* End PBXResourcesBuildPhase section */

/* Begin PBXSourcesBuildPhase section */
		3AB5B2272EFD179900CFF6B8 /* Sources */ = {
			isa = PBXSourcesBuildPhase;
			buildActionMask = 2147483647;
			files = (
			);
			runOnlyForDeploymentPostprocessing = 0;
		};
		3AB5B23D2EFD179C00CFF6B8 /* Sources */ = {
			isa = PBXSourcesBuildPhase;
			buildActionMask = 2147483647;
			files = (
			);
			runOnlyForDeploymentPostprocessing = 0;
		};
		3AB5B2472EFD179C00CFF6B8 /* Sources */ = {
			isa = PBXSourcesBuildPhase;
			buildActionMask = 2147483647;
			files = (
			);
			runOnlyForDeploymentPostprocessing = 0;
		};
/* End PBXSourcesBuildPhase section */

/* Begin PBXTargetDependency section */
		3AB5B2432EFD179C00CFF6B8 /* PBXTargetDependency */ = {
			isa = PBXTargetDependency;
			target = 3AB5B22A2EFD179900CFF6B8 /* FriendsListInterview */;
			targetProxy = 3AB5B2422EFD179C00CFF6B8 /* PBXContainerItemProxy */;
		};
		3AB5B24D2EFD179C00CFF6B8 /* PBXTargetDependency */ = {
			isa = PBXTargetDependency;
			target = 3AB5B22A2EFD179900CFF6B8 /* FriendsListInterview */;
			targetProxy = 3AB5B24C2EFD179C00CFF6B8 /* PBXContainerItemProxy */;
		};
/* End PBXTargetDependency section */

/* Begin XCBuildConfiguration section */
		3AB5B2552EFD179C00CFF6B8 /* Debug */ = {
			isa = XCBuildConfiguration;
			buildSettings = {
				ASSETCATALOG_COMPILER_APPICON_NAME = AppIcon;
				ASSETCATALOG_COMPILER_GLOBAL_ACCENT_COLOR_NAME = AccentColor;
				CODE_SIGN_STYLE = Automatic;
				CURRENT_PROJECT_VERSION = 1;
				GENERATE_INFOPLIST_FILE = YES;
				INFOPLIST_FILE = FriendsListInterview/Info.plist;
				INFOPLIST_KEY_UIApplicationSupportsIndirectInputEvents = YES;
				INFOPLIST_KEY_UILaunchStoryboardName = LaunchScreen;
				INFOPLIST_KEY_UIMainStoryboardFile = Main;
				INFOPLIST_KEY_UISupportedInterfaceOrientations_iPad = "UIInterfaceOrientationPortrait UIInterfaceOrientationPortraitUpsideDown UIInterfaceOrientationLandscapeLeft UIInterfaceOrientationLandscapeRight";
				INFOPLIST_KEY_UISupportedInterfaceOrientations_iPhone = "UIInterfaceOrientationPortrait UIInterfaceOrientationLandscapeLeft UIInterfaceOrientationLandscapeRight";
				LD_RUNPATH_SEARCH_PATHS = (
					"$(inherited)",
					"@executable_path/Frameworks",
				);
				MARKETING_VERSION = 1.0;
				PRODUCT_BUNDLE_IDENTIFIER = chaoming.studio.FriendsListInterview;
				PRODUCT_NAME = "$(TARGET_NAME)";
				STRING_CATALOG_GENERATE_SYMBOLS = YES;
				SWIFT_APPROACHABLE_CONCURRENCY = YES;
				SWIFT_DEFAULT_ACTOR_ISOLATION = nonisolated;
				SWIFT_EMIT_LOC_STRINGS = YES;
				SWIFT_UPCOMING_FEATURE_MEMBER_IMPORT_VISIBILITY = YES;
				SWIFT_VERSION = 5.0;
				TARGETED_DEVICE_FAMILY = "1,2";
			};
			name = Debug;
		};
		3AB5B2562EFD179C00CFF6B8 /* Release */ = {
			isa = XCBuildConfiguration;
			buildSettings = {
				ASSETCATALOG_COMPILER_APPICON_NAME = AppIcon;
				ASSETCATALOG_COMPILER_GLOBAL_ACCENT_COLOR_NAME = AccentColor;
				CODE_SIGN_STYLE = Automatic;
				CURRENT_PROJECT_VERSION = 1;
				GENERATE_INFOPLIST_FILE = YES;
				INFOPLIST_FILE = FriendsListInterview/Info.plist;
				INFOPLIST_KEY_UIApplicationSupportsIndirectInputEvents = YES;
				INFOPLIST_KEY_UILaunchStoryboardName = LaunchScreen;
				INFOPLIST_KEY_UIMainStoryboardFile = Main;
				INFOPLIST_KEY_UISupportedInterfaceOrientations_iPad = "UIInterfaceOrientationPortrait UIInterfaceOrientationPortraitUpsideDown UIInterfaceOrientationLandscapeLeft UIInterfaceOrientationLandscapeRight";
				INFOPLIST_KEY_UISupportedInterfaceOrientations_iPhone = "UIInterfaceOrientationPortrait UIInterfaceOrientationLandscapeLeft UIInterfaceOrientationLandscapeRight";
				LD_RUNPATH_SEARCH_PATHS = (
					"$(inherited)",
					"@executable_path/Frameworks",
				);
				MARKETING_VERSION = 1.0;
				PRODUCT_BUNDLE_IDENTIFIER = chaoming.studio.FriendsListInterview;
				PRODUCT_NAME = "$(TARGET_NAME)";
				STRING_CATALOG_GENERATE_SYMBOLS = YES;
				SWIFT_APPROACHABLE_CONCURRENCY = YES;
				SWIFT_DEFAULT_ACTOR_ISOLATION = nonisolated;
				SWIFT_EMIT_LOC_STRINGS = YES;
				SWIFT_UPCOMING_FEATURE_MEMBER_IMPORT_VISIBILITY = YES;
				SWIFT_VERSION = 5.0;
				TARGETED_DEVICE_FAMILY = "1,2";
			};
			name = Release;
		};
		3AB5B2572EFD179C00CFF6B8 /* Debug */ = {
			isa = XCBuildConfiguration;
			buildSettings = {
				ALWAYS_SEARCH_USER_PATHS = NO;
				ASSETCATALOG_COMPILER_GENERATE_SWIFT_ASSET_SYMBOL_EXTENSIONS = YES;
				CLANG_ANALYZER_NONNULL = YES;
				CLANG_ANALYZER_NUMBER_OBJECT_CONVERSION = YES_AGGRESSIVE;
				CLANG_CXX_LANGUAGE_STANDARD = "gnu++20";
				CLANG_ENABLE_MODULES = YES;
				CLANG_ENABLE_OBJC_ARC = YES;
				CLANG_ENABLE_OBJC_WEAK = YES;
				CLANG_WARN_BLOCK_CAPTURE_AUTORELEASING = YES;
				CLANG_WARN_BOOL_CONVERSION = YES;
				CLANG_WARN_COMMA = YES;
				CLANG_WARN_CONSTANT_CONVERSION = YES;
				CLANG_WARN_DEPRECATED_OBJC_IMPLEMENTATIONS = YES;
				CLANG_WARN_DIRECT_OBJC_ISA_USAGE = YES_ERROR;
				CLANG_WARN_DOCUMENTATION_COMMENTS = YES;
				CLANG_WARN_EMPTY_BODY = YES;
				CLANG_WARN_ENUM_CONVERSION = YES;
				CLANG_WARN_INFINITE_RECURSION = YES;
				CLANG_WARN_INT_CONVERSION = YES;
				CLANG_WARN_NON_LITERAL_NULL_CONVERSION = YES;
				CLANG_WARN_OBJC_IMPLICIT_RETAIN_SELF = YES;
				CLANG_WARN_OBJC_LITERAL_CONVERSION = YES;
				CLANG_WARN_OBJC_ROOT_CLASS = YES_ERROR;
				CLANG_WARN_QUOTED_INCLUDE_IN_FRAMEWORK_HEADER = YES;
				CLANG_WARN_RANGE_LOOP_ANALYSIS = YES;
				CLANG_WARN_STRICT_PROTOTYPES = YES;
				CLANG_WARN_SUSPICIOUS_MOVE = YES;
				CLANG_WARN_UNGUARDED_AVAILABILITY = YES_AGGRESSIVE;
				CLANG_WARN_UNREACHABLE_CODE = YES;
				CLANG_WARN__DUPLICATE_METHOD_MATCH = YES;
				COPY_PHASE_STRIP = NO;
				DEBUG_INFORMATION_FORMAT = dwarf;
				ENABLE_STRICT_OBJC_MSGSEND = YES;
				ENABLE_TESTABILITY = YES;
				ENABLE_USER_SCRIPT_SANDBOXING = YES;
				GCC_C_LANGUAGE_STANDARD = gnu17;
				GCC_DYNAMIC_NO_PIC = NO;
				GCC_NO_COMMON_BLOCKS = YES;
				GCC_OPTIMIZATION_LEVEL = 0;
				GCC_PREPROCESSOR_DEFINITIONS = (
					"DEBUG=1",
					"$(inherited)",
				);
				GCC_WARN_64_TO_32_BIT_CONVERSION = YES;
				GCC_WARN_ABOUT_RETURN_TYPE = YES_ERROR;
				GCC_WARN_UNDECLARED_SELECTOR = YES;
				GCC_WARN_UNINITIALIZED_AUTOS = YES_AGGRESSIVE;
				GCC_WARN_UNUSED_FUNCTION = YES;
				GCC_WARN_UNUSED_VARIABLE = YES;
				IPHONEOS_DEPLOYMENT_TARGET = 26.1;
				LOCALIZATION_PREFERS_STRING_CATALOGS = YES;
				MTL_ENABLE_DEBUG_INFO = INCLUDE_SOURCE;
				MTL_FAST_MATH = YES;
				ONLY_ACTIVE_ARCH = YES;
				SDKROOT = iphoneos;
				SWIFT_ACTIVE_COMPILATION_CONDITIONS = "DEBUG $(inherited)";
				SWIFT_OPTIMIZATION_LEVEL = "-Onone";
			};
			name = Debug;
		};
		3AB5B2582EFD179C00CFF6B8 /* Release */ = {
			isa = XCBuildConfiguration;
			buildSettings = {
				ALWAYS_SEARCH_USER_PATHS = NO;
				ASSETCATALOG_COMPILER_GENERATE_SWIFT_ASSET_SYMBOL_EXTENSIONS = YES;
				CLANG_ANALYZER_NONNULL = YES;
				CLANG_ANALYZER_NUMBER_OBJECT_CONVERSION = YES_AGGRESSIVE;
				CLANG_CXX_LANGUAGE_STANDARD = "gnu++20";
				CLANG_ENABLE_MODULES = YES;
				CLANG_ENABLE_OBJC_ARC = YES;
				CLANG_ENABLE_OBJC_WEAK = YES;
				CLANG_WARN_BLOCK_CAPTURE_AUTORELEASING = YES;
				CLANG_WARN_BOOL_CONVERSION = YES;
				CLANG_WARN_COMMA = YES;
				CLANG_WARN_CONSTANT_CONVERSION = YES;
				CLANG_WARN_DEPRECATED_OBJC_IMPLEMENTATIONS = YES;
				CLANG_WARN_DIRECT_OBJC_ISA_USAGE = YES_ERROR;
				CLANG_WARN_DOCUMENTATION_COMMENTS = YES;
				CLANG_WARN_EMPTY_BODY = YES;
				CLANG_WARN_ENUM_CONVERSION = YES;
				CLANG_WARN_INFINITE_RECURSION = YES;
				CLANG_WARN_INT_CONVERSION = YES;
				CLANG_WARN_NON_LITERAL_NULL_CONVERSION = YES;
				CLANG_WARN_OBJC_IMPLICIT_RETAIN_SELF = YES;
				CLANG_WARN_OBJC_LITERAL_CONVERSION = YES;
				CLANG_WARN_OBJC_ROOT_CLASS = YES_ERROR;
				CLANG_WARN_QUOTED_INCLUDE_IN_FRAMEWORK_HEADER = YES;
				CLANG_WARN_RANGE_LOOP_ANALYSIS = YES;
				CLANG_WARN_STRICT_PROTOTYPES = YES;
				CLANG_WARN_SUSPICIOUS_MOVE = YES;
				CLANG_WARN_UNGUARDED_AVAILABILITY = YES_AGGRESSIVE;
				CLANG_WARN_UNREACHABLE_CODE = YES;
				CLANG_WARN__DUPLICATE_METHOD_MATCH = YES;
				COPY_PHASE_STRIP = NO;
				DEBUG_INFORMATION_FORMAT = "dwarf-with-dsym";
				ENABLE_NS_ASSERTIONS = NO;
				ENABLE_STRICT_OBJC_MSGSEND = YES;
				ENABLE_USER_SCRIPT_SANDBOXING = YES;
				GCC_C_LANGUAGE_STANDARD = gnu17;
				GCC_NO_COMMON_BLOCKS = YES;
				GCC_WARN_64_TO_32_BIT_CONVERSION = YES;
				GCC_WARN_ABOUT_RETURN_TYPE = YES_ERROR;
				GCC_WARN_UNDECLARED_SELECTOR = YES;
				GCC_WARN_UNINITIALIZED_AUTOS = YES_AGGRESSIVE;
				GCC_WARN_UNUSED_FUNCTION = YES;
				GCC_WARN_UNUSED_VARIABLE = YES;
				IPHONEOS_DEPLOYMENT_TARGET = 26.1;
				LOCALIZATION_PREFERS_STRING_CATALOGS = YES;
				MTL_ENABLE_DEBUG_INFO = NO;
				MTL_FAST_MATH = YES;
				SDKROOT = iphoneos;
				SWIFT_COMPILATION_MODE = wholemodule;
				VALIDATE_PRODUCT = YES;
			};
			name = Release;
		};
		3AB5B25A2EFD179C00CFF6B8 /* Debug */ = {
			isa = XCBuildConfiguration;
			buildSettings = {
				BUNDLE_LOADER = "$(TEST_HOST)";
				CODE_SIGN_STYLE = Automatic;
				CURRENT_PROJECT_VERSION = 1;
				GENERATE_INFOPLIST_FILE = YES;
				IPHONEOS_DEPLOYMENT_TARGET = 26.1;
				MARKETING_VERSION = 1.0;
				PRODUCT_BUNDLE_IDENTIFIER = chaoming.studio.FriendsListInterviewTests;
				PRODUCT_NAME = "$(TARGET_NAME)";
				STRING_CATALOG_GENERATE_SYMBOLS = NO;
				SWIFT_APPROACHABLE_CONCURRENCY = YES;
				SWIFT_EMIT_LOC_STRINGS = NO;
				SWIFT_UPCOMING_FEATURE_MEMBER_IMPORT_VISIBILITY = YES;
				SWIFT_VERSION = 5.0;
				TARGETED_DEVICE_FAMILY = "1,2";
				TEST_HOST = "$(BUILT_PRODUCTS_DIR)/FriendsListInterview.app/$(BUNDLE_EXECUTABLE_FOLDER_PATH)/FriendsListInterview";
			};
			name = Debug;
		};
		3AB5B25B2EFD179C00CFF6B8 /* Release */ = {
			isa = XCBuildConfiguration;
			buildSettings = {
				BUNDLE_LOADER = "$(TEST_HOST)";
				CODE_SIGN_STYLE = Automatic;
				CURRENT_PROJECT_VERSION = 1;
				GENERATE_INFOPLIST_FILE = YES;
				IPHONEOS_DEPLOYMENT_TARGET = 26.1;
				MARKETING_VERSION = 1.0;
				PRODUCT_BUNDLE_IDENTIFIER = chaoming.studio.FriendsListInterviewTests;
				PRODUCT_NAME = "$(TARGET_NAME)";
				STRING_CATALOG_GENERATE_SYMBOLS = NO;
				SWIFT_APPROACHABLE_CONCURRENCY = YES;
				SWIFT_EMIT_LOC_STRINGS = NO;
				SWIFT_UPCOMING_FEATURE_MEMBER_IMPORT_VISIBILITY = YES;
				SWIFT_VERSION = 5.0;
				TARGETED_DEVICE_FAMILY = "1,2";
				TEST_HOST = "$(BUILT_PRODUCTS_DIR)/FriendsListInterview.app/$(BUNDLE_EXECUTABLE_FOLDER_PATH)/FriendsListInterview";
			};
			name = Release;
		};
		3AB5B25D2EFD179C00CFF6B8 /* Debug */ = {
			isa = XCBuildConfiguration;
			buildSettings = {
				CODE_SIGN_STYLE = Automatic;
				CURRENT_PROJECT_VERSION = 1;
				GENERATE_INFOPLIST_FILE = YES;
				MARKETING_VERSION = 1.0;
				PRODUCT_BUNDLE_IDENTIFIER = chaoming.studio.FriendsListInterviewUITests;
				PRODUCT_NAME = "$(TARGET_NAME)";
				STRING_CATALOG_GENERATE_SYMBOLS = NO;
				SWIFT_APPROACHABLE_CONCURRENCY = YES;
				SWIFT_EMIT_LOC_STRINGS = NO;
				SWIFT_UPCOMING_FEATURE_MEMBER_IMPORT_VISIBILITY = YES;
				SWIFT_VERSION = 5.0;
				TARGETED_DEVICE_FAMILY = "1,2";
				TEST_TARGET_NAME = FriendsListInterview;
			};
			name = Debug;
		};
		3AB5B25E2EFD179C00CFF6B8 /* Release */ = {
			isa = XCBuildConfiguration;
			buildSettings = {
				CODE_SIGN_STYLE = Automatic;
				CURRENT_PROJECT_VERSION = 1;
				GENERATE_INFOPLIST_FILE = YES;
				MARKETING_VERSION = 1.0;
				PRODUCT_BUNDLE_IDENTIFIER = chaoming.studio.FriendsListInterviewUITests;
				PRODUCT_NAME = "$(TARGET_NAME)";
				STRING_CATALOG_GENERATE_SYMBOLS = NO;
				SWIFT_APPROACHABLE_CONCURRENCY = YES;
				SWIFT_EMIT_LOC_STRINGS = NO;
				SWIFT_UPCOMING_FEATURE_MEMBER_IMPORT_VISIBILITY = YES;
				SWIFT_VERSION = 5.0;
				TARGETED_DEVICE_FAMILY = "1,2";
				TEST_TARGET_NAME = FriendsListInterview;
			};
			name = Release;
		};
/* End XCBuildConfiguration section */

/* Begin XCConfigurationList section */
		3AB5B2262EFD179900CFF6B8 /* Build configuration list for PBXProject "FriendsListInterview" */ = {
			isa = XCConfigurationList;
			buildConfigurations = (
				3AB5B2572EFD179C00CFF6B8 /* Debug */,
				3AB5B2582EFD179C00CFF6B8 /* Release */,
			);
			defaultConfigurationIsVisible = 0;
			defaultConfigurationName = Release;
		};
		3AB5B2542EFD179C00CFF6B8 /* Build configuration list for PBXNativeTarget "FriendsListInterview" */ = {
			isa = XCConfigurationList;
			buildConfigurations = (
				3AB5B2552EFD179C00CFF6B8 /* Debug */,
				3AB5B2562EFD179C00CFF6B8 /* Release */,
			);
			defaultConfigurationIsVisible = 0;
			defaultConfigurationName = Release;
		};
		3AB5B2592EFD179C00CFF6B8 /* Build configuration list for PBXNativeTarget "FriendsListInterviewTests" */ = {
			isa = XCConfigurationList;
			buildConfigurations = (
				3AB5B25A2EFD179C00CFF6B8 /* Debug */,
				3AB5B25B2EFD179C00CFF6B8 /* Release */,
			);
			defaultConfigurationIsVisible = 0;
			defaultConfigurationName = Release;
		};
		3AB5B25C2EFD179C00CFF6B8 /* Build configuration list for PBXNativeTarget "FriendsListInterviewUITests" */ = {
			isa = XCConfigurationList;
			buildConfigurations = (
				3AB5B25D2EFD179C00CFF6B8 /* Debug */,
				3AB5B25E2EFD179C00CFF6B8 /* Release */,
			);
			defaultConfigurationIsVisible = 0;
			defaultConfigurationName = Release;
		};
/* End XCConfigurationList section */
	};
	rootObject = 3AB5B2232EFD179900CFF6B8 /* Project object */;
}
